[[package]]
name = "anyascii"
version = "0.3.2"
description = "Unicode to ASCII transliteration"
category = "main"
optional = false
python-versions = ">=3.3"

[[package]]
name = "asgiref"
version = "3.7.2"
description = "ASGI specs, helper code, and adapters"
category = "main"
optional = false
python-versions = ">=3.7"

[package.dependencies]
typing-extensions = {version = ">=4", markers = "python_version < \"3.11\""}

[package.extras]
tests = ["pytest", "pytest-asyncio", "mypy (>=0.800)"]

[[package]]
name = "beautifulsoup4"
version = "4.12.3"
description = "Screen-scraping library"
category = "main"
optional = false
python-versions = ">=3.6.0"

[package.dependencies]
soupsieve = ">1.2"

[package.extras]
cchardet = ["cchardet"]
chardet = ["chardet"]
charset-normalizer = ["charset-normalizer"]
html5lib = ["html5lib"]
lxml = ["lxml"]

[[package]]
name = "certifi"
version = "2024.2.2"
description = "Python package for providing Mozilla's CA Bundle."
category = "main"
optional = false
python-versions = ">=3.6"

[[package]]
name = "charset-normalizer"
version = "3.3.2"
description = "The Real First Universal Charset Detector. Open, modern and actively maintained alternative to Chardet."
category = "main"
optional = false
python-versions = ">=3.7.0"

[[package]]
name = "defusedxml"
version = "0.7.1"
description = "XML bomb protection for Python stdlib modules"
category = "main"
optional = false
python-versions = ">=2.7, !=3.0.*, !=3.1.*, !=3.2.*, !=3.3.*, !=3.4.*"

[[package]]
name = "django"
version = "5.0.1"
description = "A high-level Python web framework that encourages rapid development and clean, pragmatic design."
category = "main"
optional = false
python-versions = ">=3.10"

[package.dependencies]
asgiref = ">=3.7.0,<4"
sqlparse = ">=0.3.1"
tzdata = {version = "*", markers = "sys_platform == \"win32\""}

[package.extras]
argon2 = ["argon2-cffi (>=19.1.0)"]
bcrypt = ["bcrypt"]

[[package]]
name = "django-filter"
version = "23.5"
description = "Django-filter is a reusable Django application for allowing users to filter querysets dynamically."
category = "main"
optional = false
python-versions = ">=3.7"

[package.dependencies]
Django = ">=3.2"

[[package]]
name = "django-modelcluster"
version = "6.2.1"
description = "Django extension to allow working with 'clusters' of models as a single unit, independently of the database"
category = "main"
optional = false
python-versions = ">=3.8"

[package.dependencies]
django = ">=3.2"
pytz = ">=2022.4"

[package.extras]
taggit = ["django-taggit (>=3.1)"]

[[package]]
name = "django-permissionedforms"
version = "0.1"
description = "Django extension for creating forms that vary according to user permissions"
category = "main"
optional = false
python-versions = ">=3.7"

[package.dependencies]
Django = "*"

[package.extras]
testing = ["django-modelcluster"]

[[package]]
name = "django-taggit"
version = "5.0.1"
description = "django-taggit is a reusable Django application for simple tagging."
category = "main"
optional = false
python-versions = ">=3.8"

[package.dependencies]
Django = ">=4.1"

[[package]]
name = "django-treebeard"
version = "4.7.1"
description = "Efficient tree implementations for Django"
category = "main"
optional = false
python-versions = ">=3.8"

[package.dependencies]
Django = ">=3.2"

[[package]]
name = "djangorestframework"
version = "3.14.0"
description = "Web APIs for Django, made easy."
category = "main"
optional = false
python-versions = ">=3.6"

[package.dependencies]
django = ">=3.0"
pytz = "*"

[[package]]
name = "draftjs-exporter"
version = "5.0.0"
description = "Library to convert rich text from Draft.js raw ContentState to HTML"
category = "main"
optional = false
python-versions = "*"

[package.extras]
html5lib = ["beautifulsoup4 (>=4.4.1,<5)", "html5lib (>=0.999,<2)"]
lxml = ["lxml (>=4.2.0,<5)"]

[[package]]
name = "et-xmlfile"
version = "1.1.0"
description = "An implementation of lxml.xmlfile for the standard library"
category = "main"
optional = false
python-versions = ">=3.6"

[[package]]
name = "filetype"
version = "1.2.0"
description = "Infer file type and MIME type of any file/buffer. No external dependencies."
category = "main"
optional = false
python-versions = "*"

[[package]]
name = "html5lib"
version = "1.1"
description = "HTML parser based on the WHATWG HTML specification"
category = "main"
optional = false
python-versions = ">=2.7, !=3.0.*, !=3.1.*, !=3.2.*, !=3.3.*, !=3.4.*"

[package.dependencies]
six = ">=1.9"
webencodings = "*"

[package.extras]
all = ["genshi", "chardet (>=2.2)", "lxml"]
chardet = ["chardet (>=2.2)"]
genshi = ["genshi"]
lxml = ["lxml"]

[[package]]
name = "idna"
version = "3.6"
description = "Internationalized Domain Names in Applications (IDNA)"
category = "main"
optional = false
python-versions = ">=3.5"

[[package]]
name = "l18n"
version = "2021.3"
description = "Internationalization for pytz timezones and territories"
category = "main"
optional = false
python-versions = "*"

[package.dependencies]
pytz = ">=2020.1"
six = "*"

[[package]]
name = "laces"
version = "0.1.1"
description = "Django components that know how to render themselves."
category = "main"
optional = false
python-versions = ">=3.8"

[package.dependencies]
Django = ">=3.2"

[package.extras]
dev = ["tox (==4.12.1)", "tox-gh-actions (==3.2.0)", "virtualenv-pyenv (==0.4.0)", "coverage (==7.3.4)", "pre-commit (==3.4.0)", "black (==24.1.1)", "blacken-docs (==1.16.0)", "isort (==5.13.2)", "flake8 (==7.0.0)", "flake8-bugbear", "flake8-comprehensions", "mypy (==1.7.1)", "django-stubs[compatible-mypy] (==4.2.7)", "types-requests (==2.31.0.20240125)"]
testing = ["dj-database-url (==2.1.0)", "coverage (==7.3.4)"]

[[package]]
name = "openpyxl"
version = "3.1.2"
description = "A Python library to read/write Excel 2010 xlsx/xlsm files"
category = "main"
optional = false
python-versions = ">=3.6"

[package.dependencies]
et-xmlfile = "*"

[[package]]
name = "pillow"
version = "10.2.0"
description = "Python Imaging Library (Fork)"
category = "main"
optional = false
python-versions = ">=3.8"

[package.extras]
docs = ["furo", "olefile", "sphinx (>=2.4)", "sphinx-copybutton", "sphinx-inline-tabs", "sphinx-removed-in", "sphinxext-opengraph"]
fpx = ["olefile"]
mic = ["olefile"]
tests = ["check-manifest", "coverage", "defusedxml", "markdown2", "olefile", "packaging", "pyroma", "pytest", "pytest-cov", "pytest-timeout"]
typing = ["typing-extensions"]
xmp = ["defusedxml"]

[[package]]
name = "pillow-heif"
version = "0.15.0"
description = "Python interface for libheif library"
category = "main"
optional = false
python-versions = ">=3.8"

[package.dependencies]
pillow = ">=9.2.0"

[package.extras]
dev = ["pytest", "defusedxml", "packaging", "numpy", "pympler", "opencv-python (==4.9.0.80)", "pre-commit", "pylint", "coverage"]
docs = ["sphinx (>=4.4)", "sphinx-issues (>=3.0.1)", "sphinx-rtd-theme (>=1.0)"]
tests = ["pytest", "defusedxml", "packaging", "numpy", "pympler"]
tests-min = ["pytest", "defusedxml", "packaging"]

[[package]]
name = "pytz"
version = "2024.1"
description = "World timezone definitions, modern and historical"
category = "main"
optional = false
python-versions = "*"

[[package]]
name = "requests"
version = "2.31.0"
description = "Python HTTP for Humans."
category = "main"
optional = false
python-versions = ">=3.7"

[package.dependencies]
certifi = ">=2017.4.17"
charset-normalizer = ">=2,<4"
idna = ">=2.5,<4"
urllib3 = ">=1.21.1,<3"

[package.extras]
socks = ["PySocks (>=1.5.6,!=1.5.7)"]
use_chardet_on_py3 = ["chardet (>=3.0.2,<6)"]

[[package]]
name = "six"
version = "1.16.0"
description = "Python 2 and 3 compatibility utilities"
category = "main"
optional = false
python-versions = ">=2.7, !=3.0.*, !=3.1.*, !=3.2.*"

[[package]]
name = "soupsieve"
version = "2.5"
description = "A modern CSS selector implementation for Beautiful Soup."
category = "main"
optional = false
python-versions = ">=3.8"

[[package]]
name = "sqlparse"
version = "0.4.4"
description = "A non-validating SQL parser."
category = "main"
optional = false
python-versions = ">=3.5"

[package.extras]
dev = ["flake8", "build"]
doc = ["sphinx"]
test = ["pytest", "pytest-cov"]

[[package]]
name = "telepath"
version = "0.3.1"
description = "A library for exchanging data between Python and JavaScript"
category = "main"
optional = false
python-versions = ">=3.8"

[package.extras]
docs = ["mkdocs (>=1.1,<1.2)", "mkdocs-material (>=6.2,<6.3)"]

[[package]]
name = "typing-extensions"
version = "4.9.0"
description = "Backported and Experimental Type Hints for Python 3.8+"
category = "main"
optional = false
python-versions = ">=3.8"

[[package]]
name = "tzdata"
version = "2023.4"
description = "Provider of IANA time zone data"
category = "main"
optional = false
python-versions = ">=2"

[[package]]
name = "urllib3"
version = "2.2.1"
description = "HTTP library with thread-safe connection pooling, file post, and more."
category = "main"
optional = false
python-versions = ">=3.8"

[package.extras]
brotli = ["brotli (>=1.0.9)", "brotlicffi (>=0.8.0)"]
h2 = ["h2 (>=4,<5)"]
socks = ["pysocks (>=1.5.6,!=1.5.7,<2.0)"]
zstd = ["zstandard (>=0.18.0)"]

[[package]]
name = "wagtail"
version = "6.0.1"
description = "A Django content management system."
category = "main"
optional = false
python-versions = ">=3.8"

[package.dependencies]
anyascii = ">=0.1.5"
beautifulsoup4 = ">=4.8,<4.13"
Django = ">=4.2,<6.0"
django-filter = ">=23.3,<24"
django-modelcluster = ">=6.2.1,<7.0"
django-permissionedforms = ">=0.1,<1.0"
django-taggit = ">=4.0,<5.1"
django-treebeard = ">=4.5.1,<5.0"
djangorestframework = ">=3.11.1,<4.0"
draftjs-exporter = ">=2.1.5,<6.0"
html5lib = ">=0.999,<2"
l18n = ">=2018.5"
laces = ">=0.1,<0.2"
openpyxl = ">=3.0.10,<4.0"
Pillow = ">=9.1.0,<11.0.0"
requests = ">=2.11.1,<3.0"
telepath = ">=0.3.1,<1"
Willow = {version = ">=1.6.2,<2", extras = ["heif"]}

[package.extras]
docs = ["pyenchant (>=3.1.1,<4)", "sphinxcontrib-spelling (>=7,<8)", "Sphinx (>=1.5.2)", "sphinx-autobuild (>=0.6.0)", "sphinx-wagtail-theme (==6.2.0)", "myst-parser (==2.0.0)", "sphinx-copybutton (>=0.5,<1.0)"]
testing = ["python-dateutil (>=2.7)", "pytz (>=2014.7)", "Jinja2 (>=3.0,<3.2)", "boto3 (>=1.28,<2)", "freezegun (>=0.3.8)", "azure-mgmt-cdn (>=12.0,<13.0)", "azure-mgmt-frontdoor (>=1.0,<1.1)", "django-pattern-library (>=0.7)", "coverage (>=3.7.0)", "doc8 (==0.8.1)", "ruff (==0.1.5)", "semgrep (==1.40.0)", "curlylint (==0.13.1)", "djhtml (==3.0.6)", "polib (>=1.1,<2.0)", "factory-boy (>=3.2)", "tblib (>=2.0,<3.0)"]

[[package]]
name = "webencodings"
version = "0.5.1"
description = "Character encoding aliases for legacy web content"
category = "main"
optional = false
python-versions = "*"

[[package]]
name = "willow"
version = "1.8.0"
description = "A Python image library that sits on top of Pillow, Wand and OpenCV"
category = "main"
optional = false
python-versions = ">=3.8"

[package.dependencies]
defusedxml = ">=0.7,<1.0"
filetype = ">=1.0.10,<1.1.0 || >1.1.0"
pillow-heif = [
    {version = ">=0.10.0,<1.0.0", optional = true, markers = "python_version < \"3.12\" or extra == \"heif\" and python_version < \"3.12\""},
    {version = ">=0.13.0,<1.0.0", optional = true, markers = "python_version >= \"3.12\" or extra == \"heif\" and python_version >= \"3.12\""},
]

[package.extras]
docs = ["Sphinx (>=7.0)", "sphinx-wagtail-theme (>=6.1.1,<7.0)", "sphinxcontrib-spelling (>=8.0,<9.0)", "sphinx_copybutton (>=0.5)"]
heif = ["pillow-heif (>=0.10.0,<1.0.0)", "pillow-heif (>=0.13.0,<1.0.0)"]
pillow = ["Pillow (>=9.1.0,<11.0.0)"]
testing = ["willow", "coverage[toml] (>=7.2.7,<8.0)", "pre-commit (>=3.4.0)"]
wand = ["Wand (>=0.6,<1.0)"]

[metadata]
lock-version = "1.1"
python-versions = "^3.10"
content-hash = "499afb48f841baf3158eddd176970d2e4d90923ad8638b9f6092759bab010458"

[metadata.files]
anyascii = []
asgiref = []
beautifulsoup4 = []
certifi = []
charset-normalizer = []
defusedxml = []
django = []
django-filter = []
django-modelcluster = []
django-permissionedforms = []
django-taggit = []
django-treebeard = []
djangorestframework = []
draftjs-exporter = []
et-xmlfile = []
filetype = []
html5lib = []
idna = []
l18n = []
laces = []
openpyxl = []
pillow = []
pillow-heif = []
pytz = []
requests = []
six = []
soupsieve = []
sqlparse = []
telepath = []
typing-extensions = []
tzdata = []
urllib3 = []
wagtail = []
webencodings = []
willow = []
